
Microsoft Visual Studio Solution File, Format Version 12.00
# Visual Studio Version 17
VisualStudioVersion = 17.8.34316.72
MinimumVisualStudioVersion = 10.0.40219.1
Project("{F14B399A-7131-4C87-9E4B-1186C45EF12D}") = "MatrixDemo", "MatrixDemo.rptproj", "{9145D38E-F36E-4549-BB45-E09302710594}"
EndProject
Global
	GlobalSection(SolutionConfigurationPlatforms) = preSolution
		Debug|Default = Debug|Default
		DebugLocal|Default = DebugLocal|Default
		Release|Default = Release|Default
	EndGlobalSection
	GlobalSection(ProjectConfigurationPlatforms) = postSolution
		{9145D38E-F36E-4549-BB45-E09302710594}.Debug|Default.ActiveCfg = Debug
		{9145D38E-F36E-4549-BB45-E09302710594}.Debug|Default.Build.0 = Debug
		{9145D38E-F36E-4549-BB45-E09302710594}.Debug|Default.Deploy.0 = Debug
		{9145D38E-F36E-4549-BB45-E09302710594}.DebugLocal|Default.ActiveCfg = DebugLocal
		{9145D38E-F36E-4549-BB45-E09302710594}.DebugLocal|Default.Build.0 = DebugLocal
		{9145D38E-F36E-4549-BB45-E09302710594}.Release|Default.ActiveCfg = Release
		{9145D38E-F36E-4549-BB45-E09302710594}.Release|Default.Build.0 = Release
		{9145D38E-F36E-4549-BB45-E09302710594}.Release|Default.Deploy.0 = Release
	EndGlobalSection
	GlobalSection(SolutionProperties) = preSolution
		HideSolutionNode = FALSE
	EndGlobalSection
	GlobalSection(ExtensibilityGlobals) = postSolution
		SolutionGuid = {64DF86AD-F2CD-42E8-8F88-335CCAFB9F9F}
	EndGlobalSection
EndGlobal
