
Microsoft Visual Studio Solution File, Format Version 12.00
# Visual Studio Version 17
VisualStudioVersion = 17.8.34316.72
MinimumVisualStudioVersion = 10.0.40219.1
Project("{F14B399A-7131-4C87-9E4B-1186C45EF12D}") = "Chart_Demo", "Chart_Demo.rptproj", "{80AA8431-B58E-44EE-8E74-F7D679563864}"
EndProject
Global
	GlobalSection(SolutionConfigurationPlatforms) = preSolution
		Debug|Default = Debug|Default
		DebugLocal|Default = DebugLocal|Default
		Release|Default = Release|Default
	EndGlobalSection
	GlobalSection(ProjectConfigurationPlatforms) = postSolution
		{80AA8431-B58E-44EE-8E74-F7D679563864}.Debug|Default.ActiveCfg = Debug
		{80AA8431-B58E-44EE-8E74-F7D679563864}.Debug|Default.Build.0 = Debug
		{80AA8431-B58E-44EE-8E74-F7D679563864}.Debug|Default.Deploy.0 = Debug
		{80AA8431-B58E-44EE-8E74-F7D679563864}.DebugLocal|Default.ActiveCfg = DebugLocal
		{80AA8431-B58E-44EE-8E74-F7D679563864}.DebugLocal|Default.Build.0 = DebugLocal
		{80AA8431-B58E-44EE-8E74-F7D679563864}.Release|Default.ActiveCfg = Release
		{80AA8431-B58E-44EE-8E74-F7D679563864}.Release|Default.Build.0 = Release
		{80AA8431-B58E-44EE-8E74-F7D679563864}.Release|Default.Deploy.0 = Release
	EndGlobalSection
	GlobalSection(SolutionProperties) = preSolution
		HideSolutionNode = FALSE
	EndGlobalSection
	GlobalSection(ExtensibilityGlobals) = postSolution
		SolutionGuid = {BFB0A6B4-896F-47D1-812E-7F121FE134E1}
	EndGlobalSection
EndGlobal
